# Candidate macOS arm64 / Python 3.13 environment; fresh installation not yet qualified.
--only-binary=:all:
--require-hashes
absl-py==2.5.0 --hash=sha256:0f17b89f2a4eaaedc4f28c622998aa690564b3012a396a4ffad0821007fe03ba
albumentations==1.3.0 --hash=sha256:294165d87d03bc8323e484927f0a5c1a3c64b0e7b9c32a979582a6c93c363bdf
annotated-doc==0.0.4 --hash=sha256:571ac1dc6991c450b25a9c2d84a3705e2ae7a53467b5d111c24fa8baabbed320
anyio==4.12.1 --hash=sha256:d405828884fc140aa80a3c667b8beed277f1dfedec42ba031bd6ac3db606ab6c
astunparse==1.6.3 --hash=sha256:c2652417f2c8b5bb325c885ae329bdf3f86424075c4fd1a128674bc6fba4b8e8
certifi==2026.7.22 --hash=sha256:62f22742b58a1a33014a2b6b706588a8d7e2a88ae7bd1a6ebe8c992928483775
charset-normalizer==3.5.1 --hash=sha256:e90251c0c7bdd54a100a0dce3c07b7e637278c93af29dbf78ebb89a58c4bac7d
click==8.3.1 --hash=sha256:981153a64e25f12d547d3426c367a4857371575ee7ad18df2a6183ab0545b2a6
filelock==3.25.2 --hash=sha256:ca8afb0da15f229774c9ad1b455ed96e85a81373065fb10446672f64444ddf70
flatbuffers==25.12.19 --hash=sha256:7634f50c427838bb021c2d66a3d1168e9d199b0607e6329399f04846d42e20b4
fsspec==2026.2.0 --hash=sha256:98de475b5cb3bd66bedd5c4679e87b4fdfe1a3bf4d707b151b3c07e58c9a2437
gast==0.7.0 --hash=sha256:99cbf1365633a74099f69c59bd650476b96baa5ef196fec88032b00b31ba36f7
google-pasta==0.2.0 --hash=sha256:b32482794a366b5366a32c92a9a9201b107821889935a02b3e51f6b432ea84ed
grpcio==1.83.1 --hash=sha256:0468b627f2987c9a77f7580030207cbd85457ffe52998beff4f0b5c38c58a72c
h11==0.16.0 --hash=sha256:63cf8bbe7522de3bf65932fda1d9c2772064ffb3dae62d55932da54b31cb6c86
h2==4.3.0 --hash=sha256:c438f029a25f7945c69e0ccf0fb951dc3f73a5f6412981daee861431b70e2bdd
h5py==3.16.0 --hash=sha256:42108e93326c50c2810025aade9eac9d6827524cdccc7d4b75a546e5ab308edb
hf-xet==1.4.2 --hash=sha256:e9b38d876e94d4bdcf650778d6ebbaa791dd28de08db9736c43faff06ede1b5a
hpack==4.1.0 --hash=sha256:157ac792668d995c657d93111f46b4535ed114f0c9c8d672271bbec7eae1b496
httpcore==1.0.9 --hash=sha256:2d400746a40668fc9dec9810239072b40b4484b640a8c38fd654a024c7a1bf55
httpx==0.28.1 --hash=sha256:d909fcccc110f8c7faf814ca82a9a4d816bc5a6dbfea25d6591d6985b8ba59ad
huggingface-hub==1.7.1 --hash=sha256:38c6cce7419bbde8caac26a45ed22b0cea24152a8961565d70ec21f88752bfaa
hyperframe==6.1.0 --hash=sha256:b03380493a519fce58ea5af42e4a42317bf9bd425596f7a0835ffce80f1a42e5
idna==3.19 --hash=sha256:815e7be7a7806d54abb586dc943addc79e8b2ee16915059658cbeff4b1b43bf4
imageio==2.37.3 --hash=sha256:46f5bb8522cd421c0f5ae104d8268f569d856b29eb1a13b92829d1970f32c9f0
jax==0.9.2 --hash=sha256:822a8ae155ab42e7bc59f2ae7a28705bcfccb01a7e76abfc8ae996190cdc5598
jaxlib==0.9.2 --hash=sha256:52a0032508f8cf5791c7a7bee142531ee706c3c05518117fb0b6ee8d5e17fde7
jinja2==3.1.6 --hash=sha256:85ece4451f492d0c13c5dd7c13a64681a86afae63a5f347908daf103ce6d2f67
joblib==1.5.3 --hash=sha256:5fc3c5039fc5ca8c0276333a188bbd59d6b7ab37fe6632daa76bc7f9ec18e713
keras==3.15.1 --hash=sha256:836460e480930acbd19bb7a17e62f9ecad40e8a9af9a651fc8d0586a96d27e20
lazy-loader==0.5 --hash=sha256:ab0ea149e9c554d4ffeeb21105ac60bed7f3b4fd69b1d2360a4add51b170b005
libclang==18.1.1 --hash=sha256:0b2e143f0fac830156feb56f9231ff8338c20aecfe72b4ffe96f19e5a1dbb69a
markdown==3.10.3 --hash=sha256:fa6c92a00a4a3c98b22728c64a935ae1928250ae65058a6ded814d2cc29a4cea
markdown-it-py==4.2.0 --hash=sha256:9f7ebbcd14fe59494226453aed97c1070d83f8d24b6fc3a3bcf9a38092641c4a
markupsafe==3.0.3 --hash=sha256:116bb52f642a37c115f517494ea5feb03889e04df47eeff5b130b1808ce7c219
mdurl==0.1.2 --hash=sha256:84008a41e51615a49fc9966191ff91509e3c40b939176e643fd50a5c2196b8f8
ml-dtypes==0.6.0 --hash=sha256:084dfe51a7ad58b171f05115f8226ed4233a454a1611371947e806e76f0c638d
mpmath==1.3.0 --hash=sha256:a0b2b9fe80bbcd81a6647ff13108738cfb482d481d826cc0e02f5b35e5c88d2c
namex==0.1.0 --hash=sha256:e2012a474502f1e2251267062aae3114611f07df4224b6e06334c57b0f2ce87c
networkx==3.6.1 --hash=sha256:d47fbf302e7d9cbbb9e2555a0d267983d2aa476bac30e90dfbe5669bd57f3762
numexpr==2.14.2 --hash=sha256:92b00c78664070e3af155c6be713a0a5d75d598647ce32a5609adb79a8f961d3
numpy==2.2.6 --hash=sha256:f1372f041402e37e5e633e586f62aa53de2eac8d98cbfb822806ce4bbefcb74d
opencv-python-headless==5.0.0.93 --hash=sha256:030ca5e0837a2963ab36ef896baa9767eb8d2b83353fb28af5a521e40dd8756f
opt-einsum==3.4.0 --hash=sha256:69bb92469f86a1565195ece4ac0323943e83477171b91d24c35afe028a90d7cd
optree==0.20.0 --hash=sha256:eefb6f5cedc3ded670a79bcde0985d92e99e0c807787427c310adafafe1b9671
packaging==26.3 --hash=sha256:d7193f7c8e4e93f444fde0262bf90af30e16fa0ad0ad44cb553c87339b23cd1c
pandas==2.3.3 --hash=sha256:bdcd9d1167f4885211e401b3036c0c8d9e274eee67ea8d0758a256d60704cfe8
pillow==12.3.0 --hash=sha256:d69141514cc30b774ceea5e3ed3a6635c8d8a96edf664689b890f4089111fb35
protobuf==6.33.5 --hash=sha256:a5cb85982d95d906df1e2210e58f8e4f1e3cdc088e52c921a041f9c9a0386de5
pyarrow==23.0.1 --hash=sha256:6b8fda694640b00e8af3c824f99f789e836720aa8c9379fb435d4c4953a756b8
pygments==2.21.0 --hash=sha256:2363c69b61c4a97c838da3b130dcd6468f4848992b21a82f2a63ec34377137d9
python-dateutil==2.9.0.post0 --hash=sha256:a8b2bc7bffae282281c8140a97d3aa9c14da0b136dfe83f850eea9a5f7470427
pytz==2026.1.post1 --hash=sha256:f2fd16142fda348286a75e1a524be810bb05d444e5a081f37f7affc635035f7a
pyyaml==6.0.3 --hash=sha256:2283a07e2c21a2aa78d9c4442724ec1eb15f5e42a723b99cb3d822d48f5f7ad1
qudida==0.0.4 --hash=sha256:4519714c40cd0f2e6c51e1735edae8f8b19f4efe1f33be13e9d644ca5f736dd6
requests==2.34.2 --hash=sha256:2a0d60c172f83ac6ab31e4554906c0f3b3588d37b5cb939b1c061f4907e278e0
rich==15.0.0 --hash=sha256:33bd4ef74232fb73fe9279a257718407f169c09b78a87ad3d296f548e27de0bb
safetensors==0.6.2 --hash=sha256:d6675cf4b39c98dbd7d940598028f3742e0375a6b4d4277e76beb0c35f4b843b
scikit-image==0.26.0 --hash=sha256:98329aab3bc87db352b9887f64ce8cdb8e75f7c2daa19927f2e121b797b678d5
scikit-learn==1.8.0 --hash=sha256:edec98c5e7c128328124a029bceb09eda2d526997780fef8d65e9a69eead963e
scipy==1.17.1 --hash=sha256:7ff200bf9d24f2e4d5dc6ee8c3ac64d739d3a89e2326ba68aaf6c4a2b838fd7d
setuptools==80.9.0 --hash=sha256:062d34222ad13e0cc312a4c02d73f059e86a4acbfbdea8f8f76b28c99f306922
shellingham==1.5.4 --hash=sha256:7ecfff8f2fd72616f7481040475a65b2bf8af90a56c89140852d1120324e8686
six==1.17.0 --hash=sha256:4721f391ed90541fddacab5acf947aa0d3dc7d27b2e1e8eda2be8970586c3274
sniffio==1.3.1 --hash=sha256:2f6da418d1f1e0fddd844478f41680e794e6051915791a034ff65e5f100525a2
sympy==1.14.0 --hash=sha256:e091cc3e99d2141a0ba2847328f5479b05d94a6635cb96148ccb3f34671bd8f5
tensorboard==2.20.0 --hash=sha256:9dc9f978cb84c0723acf9a345d96c184f0293d18f166bb8d59ee098e6cfaaba6
tensorboard-data-server==0.7.2 --hash=sha256:7e0610d205889588983836ec05dc098e80f97b7e7bbff7e994ebb78f578d0ddb
tensorflow==2.20.0 --hash=sha256:197f0b613b38c0da5c6a12a8295ad4a05c78b853835dae8e0f9dfae3ce9ce8a5
termcolor==3.3.0 --hash=sha256:cf642efadaf0a8ebbbf4bc7a31cec2f9b5f21a9f726f4ccbb08192c9c26f43a5
tf-keras==2.20.1 --hash=sha256:3f0e0a34d9a4c8758f24fdc1053e6e335f16ab5534c7d34f1899b8924779760c
threadpoolctl==3.6.0 --hash=sha256:43a0b8fd5a2928500110039e43a5eed8480b918967083ea48dc3ab9f13c4a7fb
tifffile==2026.4.11 --hash=sha256:9b94ffeddb39e97601af646345e8808f885773de01b299e480ed6d3a41509ec9
timm==0.9.2 --hash=sha256:8da40cc58ed32b0622bf87d8714f9b7023398ba4cfa8fa678578d2aefde4a909
torch==2.11.0 --hash=sha256:1e6debd97ccd3205bbb37eb806a9d8219e1139d15419982c09e23ef7d4369d18
torchvision==0.26.0 --hash=sha256:5d63dd43162691258b1b3529b9041bac7d54caa37eae0925f997108268cbf7c4
tqdm==4.67.3 --hash=sha256:ee1e4c0e59148062281c49d80b25b67771a127c85fc9676d3be5f243206826bf
typer==0.24.1 --hash=sha256:112c1f0ce578bfb4cab9ffdabc68f031416ebcc216536611ba21f04e9aa84c9e
typing-extensions==4.16.0 --hash=sha256:481caa481374e813c1b176ada14e97f1f67a4539ce9cfeb3f350d78d6370c2e8
tzdata==2025.3 --hash=sha256:06a47e5700f3081aab02b2e513160914ff0694bce9947d6b76ebd6bf57cfc5d1
urllib3==2.7.0 --hash=sha256:9fb4c81ebbb1ce9531cce37674bbc6f1360472bc18ca9a553ede278ef7276897
werkzeug==3.1.8 --hash=sha256:63a77fb8892bf28ebc3178683445222aa500e48ebad5ec77b0ad80f8726b1f50
wheel==0.48.0 --hash=sha256:3217dcc807155e45db462d7ef2431f5ddda0d7273b700d05a67b271ceb1287ab
wrapt==2.4.1 --hash=sha256:53e15cd74bd6b84d7fa90b93dda7334d85f4641fae97632de8aa61d268dfd145
zstandard==0.25.0 --hash=sha256:a1a4ae2dec3993a32247995bdfe367fc3266da832d82f8438c8570f989753de1
