# Publisher-authenticated candidate wheel pins; installed payload check separate.
charset-normalizer==3.4.5 --hash=sha256:ac59c15e3f1465f722607800c68713f9fbc2f672b9eb649fe831da4019ae9b23
filelock==3.25.2 --hash=sha256:ca8afb0da15f229774c9ad1b455ed96e85a81373065fb10446672f64444ddf70
fsspec==2026.2.0 --hash=sha256:98de475b5cb3bd66bedd5c4679e87b4fdfe1a3bf4d707b151b3c07e58c9a2437
h5py==3.16.0 --hash=sha256:42108e93326c50c2810025aade9eac9d6827524cdccc7d4b75a546e5ab308edb
jinja2==3.1.6 --hash=sha256:85ece4451f492d0c13c5dd7c13a64681a86afae63a5f347908daf103ce6d2f67
markupsafe==3.0.3 --hash=sha256:116bb52f642a37c115f517494ea5feb03889e04df47eeff5b130b1808ce7c219
mpmath==1.3.0 --hash=sha256:a0b2b9fe80bbcd81a6647ff13108738cfb482d481d826cc0e02f5b35e5c88d2c
networkx==3.6.1 --hash=sha256:d47fbf302e7d9cbbb9e2555a0d267983d2aa476bac30e90dfbe5669bd57f3762
numpy==2.4.2 --hash=sha256:8e4549f8a3c6d13d55041925e912bfd834285ef1dd64d6bc7d542583355e2e98
opencv-python==4.13.0.92 --hash=sha256:caf60c071ec391ba51ed00a4a920f996d0b64e3e46068aac1f646b5de0326a19
opt-einsum==3.4.0 --hash=sha256:69bb92469f86a1565195ece4ac0323943e83477171b91d24c35afe028a90d7cd
packaging==26.0 --hash=sha256:b36f1fef9334a5588b4166f8bcd26a14e521f2b55e6b9de3aaa80d3ff7a37529
pillow==11.3.0 --hash=sha256:7db51d222548ccfd274e4572fdbf3e810a5e66b00608862f947b163e613b67dd
scipy==1.17.1 --hash=sha256:7ff200bf9d24f2e4d5dc6ee8c3ac64d739d3a89e2326ba68aaf6c4a2b838fd7d
setuptools==81.0.0 --hash=sha256:fdd925d5c5d9f62e4b74b30d6dd7828ce236fd6ed998a08d81de62ce5a6310d6
sympy==1.14.0 --hash=sha256:e091cc3e99d2141a0ba2847328f5479b05d94a6635cb96148ccb3f34671bd8f5
torch==2.11.0 --hash=sha256:1e6debd97ccd3205bbb37eb806a9d8219e1139d15419982c09e23ef7d4369d18
torchvision==0.26.0 --hash=sha256:5d63dd43162691258b1b3529b9041bac7d54caa37eae0925f997108268cbf7c4
tqdm==4.67.3 --hash=sha256:ee1e4c0e59148062281c49d80b25b67771a127c85fc9676d3be5f243206826bf
typing-extensions==4.15.0 --hash=sha256:f0fa19c6845758ab08074a0cfa8b7aecb71c999ca73d62883bc25cc018c4e548
